
Microsoft Visual Studio Solution File, Format Version 12.00
# Visual Studio Version 16
VisualStudioVersion = 16.0.31624.102
MinimumVisualStudioVersion = 10.0.40219.1
Project("{8BC9CEB8-8B4A-11D0-8D11-00A0C91BC942}") = "StartInOOP", "StartInOOP\StartInOOP.vcxproj", "{3B176AE0-8502-4794-A4FE-EDE5EC3187BD}"
EndProject
Project("{8BC9CEB8-8B4A-11D0-8D11-00A0C91BC942}") = "Task3", "Task3\Task3.vcxproj", "{D5E3FB2F-3589-4FFE-8C18-E89105BD6CB7}"
EndProject
Project("{8BC9CEB8-8B4A-11D0-8D11-00A0C91BC942}") = "Task4", "Task4\Task4.vcxproj", "{FF4ED936-0581-4111-98DF-EDD285ED9A25}"
EndProject
Project("{8BC9CEB8-8B4A-11D0-8D11-00A0C91BC942}") = "Task5", "Task5\Task5.vcxproj", "{4B3046F1-0274-4F0D-BA1C-2E440C60B437}"
EndProject
Project("{8BC9CEB8-8B4A-11D0-8D11-00A0C91BC942}") = "Task6", "Task6\Task6.vcxproj", "{9C4B5E7A-FD99-499B-AC7A-4A815962D3DA}"
EndProject
Project("{8BC9CEB8-8B4A-11D0-8D11-00A0C91BC942}") = "Ex2", "Ex2\Ex2.vcxproj", "{80B949D4-431F-4755-903A-75DA86F6F7EB}"
EndProject
Project("{8BC9CEB8-8B4A-11D0-8D11-00A0C91BC942}") = "Ex3", "Ex3\Ex3.vcxproj", "{016FDFAF-05A1-4C4D-9D23-EFF968F75F50}"
EndProject
Project("{8BC9CEB8-8B4A-11D0-8D11-00A0C91BC942}") = "Ex4", "Ex4\Ex4.vcxproj", "{B9BC2BA6-21FF-4140-8178-7EE680DCCB2D}"
EndProject
Project("{8BC9CEB8-8B4A-11D0-8D11-00A0C91BC942}") = "Ex5", "Ex5\Ex5.vcxproj", "{ED52F711-A62E-4C2C-92D7-1C15A1E34296}"
EndProject
Project("{8BC9CEB8-8B4A-11D0-8D11-00A0C91BC942}") = "Ex6", "Ex6\Ex6.vcxproj", "{7D3418D4-1498-470B-A425-0E93A3BD9718}"
EndProject
Project("{8BC9CEB8-8B4A-11D0-8D11-00A0C91BC942}") = "Class1", "Class1\Class1.vcxproj", "{BB7692AB-686A-46BE-903C-27A8F85F0510}"
EndProject
Project("{8BC9CEB8-8B4A-11D0-8D11-00A0C91BC942}") = "Class 2", "Class 2\Class 2.vcxproj", "{3F8A5A1D-7241-42C4-A2AE-11BF1DD2B010}"
EndProject
Project("{8BC9CEB8-8B4A-11D0-8D11-00A0C91BC942}") = "Class3", "Class3\Class3.vcxproj", "{8F5A40A9-4BD0-4582-9AAF-E292EB26EAFC}"
EndProject
Global
	GlobalSection(SolutionConfigurationPlatforms) = preSolution
		Debug|x64 = Debug|x64
		Debug|x86 = Debug|x86
		Release|x64 = Release|x64
		Release|x86 = Release|x86
	EndGlobalSection
	GlobalSection(ProjectConfigurationPlatforms) = postSolution
		{3B176AE0-8502-4794-A4FE-EDE5EC3187BD}.Debug|x64.ActiveCfg = Debug|x64
		{3B176AE0-8502-4794-A4FE-EDE5EC3187BD}.Debug|x64.Build.0 = Debug|x64
		{3B176AE0-8502-4794-A4FE-EDE5EC3187BD}.Debug|x86.ActiveCfg = Debug|Win32
		{3B176AE0-8502-4794-A4FE-EDE5EC3187BD}.Debug|x86.Build.0 = Debug|Win32
		{3B176AE0-8502-4794-A4FE-EDE5EC3187BD}.Release|x64.ActiveCfg = Release|x64
		{3B176AE0-8502-4794-A4FE-EDE5EC3187BD}.Release|x64.Build.0 = Release|x64
		{3B176AE0-8502-4794-A4FE-EDE5EC3187BD}.Release|x86.ActiveCfg = Release|Win32
		{3B176AE0-8502-4794-A4FE-EDE5EC3187BD}.Release|x86.Build.0 = Release|Win32
		{D5E3FB2F-3589-4FFE-8C18-E89105BD6CB7}.Debug|x64.ActiveCfg = Debug|x64
		{D5E3FB2F-3589-4FFE-8C18-E89105BD6CB7}.Debug|x64.Build.0 = Debug|x64
		{D5E3FB2F-3589-4FFE-8C18-E89105BD6CB7}.Debug|x86.ActiveCfg = Debug|Win32
		{D5E3FB2F-3589-4FFE-8C18-E89105BD6CB7}.Debug|x86.Build.0 = Debug|Win32
		{D5E3FB2F-3589-4FFE-8C18-E89105BD6CB7}.Release|x64.ActiveCfg = Release|x64
		{D5E3FB2F-3589-4FFE-8C18-E89105BD6CB7}.Release|x64.Build.0 = Release|x64
		{D5E3FB2F-3589-4FFE-8C18-E89105BD6CB7}.Release|x86.ActiveCfg = Release|Win32
		{D5E3FB2F-3589-4FFE-8C18-E89105BD6CB7}.Release|x86.Build.0 = Release|Win32
		{FF4ED936-0581-4111-98DF-EDD285ED9A25}.Debug|x64.ActiveCfg = Debug|x64
		{FF4ED936-0581-4111-98DF-EDD285ED9A25}.Debug|x64.Build.0 = Debug|x64
		{FF4ED936-0581-4111-98DF-EDD285ED9A25}.Debug|x86.ActiveCfg = Debug|Win32
		{FF4ED936-0581-4111-98DF-EDD285ED9A25}.Debug|x86.Build.0 = Debug|Win32
		{FF4ED936-0581-4111-98DF-EDD285ED9A25}.Release|x64.ActiveCfg = Release|x64
		{FF4ED936-0581-4111-98DF-EDD285ED9A25}.Release|x64.Build.0 = Release|x64
		{FF4ED936-0581-4111-98DF-EDD285ED9A25}.Release|x86.ActiveCfg = Release|Win32
		{FF4ED936-0581-4111-98DF-EDD285ED9A25}.Release|x86.Build.0 = Release|Win32
		{4B3046F1-0274-4F0D-BA1C-2E440C60B437}.Debug|x64.ActiveCfg = Debug|x64
		{4B3046F1-0274-4F0D-BA1C-2E440C60B437}.Debug|x64.Build.0 = Debug|x64
		{4B3046F1-0274-4F0D-BA1C-2E440C60B437}.Debug|x86.ActiveCfg = Debug|Win32
		{4B3046F1-0274-4F0D-BA1C-2E440C60B437}.Debug|x86.Build.0 = Debug|Win32
		{4B3046F1-0274-4F0D-BA1C-2E440C60B437}.Release|x64.ActiveCfg = Release|x64
		{4B3046F1-0274-4F0D-BA1C-2E440C60B437}.Release|x64.Build.0 = Release|x64
		{4B3046F1-0274-4F0D-BA1C-2E440C60B437}.Release|x86.ActiveCfg = Release|Win32
		{4B3046F1-0274-4F0D-BA1C-2E440C60B437}.Release|x86.Build.0 = Release|Win32
		{9C4B5E7A-FD99-499B-AC7A-4A815962D3DA}.Debug|x64.ActiveCfg = Debug|x64
		{9C4B5E7A-FD99-499B-AC7A-4A815962D3DA}.Debug|x64.Build.0 = Debug|x64
		{9C4B5E7A-FD99-499B-AC7A-4A815962D3DA}.Debug|x86.ActiveCfg = Debug|Win32
		{9C4B5E7A-FD99-499B-AC7A-4A815962D3DA}.Debug|x86.Build.0 = Debug|Win32
		{9C4B5E7A-FD99-499B-AC7A-4A815962D3DA}.Release|x64.ActiveCfg = Release|x64
		{9C4B5E7A-FD99-499B-AC7A-4A815962D3DA}.Release|x64.Build.0 = Release|x64
		{9C4B5E7A-FD99-499B-AC7A-4A815962D3DA}.Release|x86.ActiveCfg = Release|Win32
		{9C4B5E7A-FD99-499B-AC7A-4A815962D3DA}.Release|x86.Build.0 = Release|Win32
		{80B949D4-431F-4755-903A-75DA86F6F7EB}.Debug|x64.ActiveCfg = Debug|x64
		{80B949D4-431F-4755-903A-75DA86F6F7EB}.Debug|x64.Build.0 = Debug|x64
		{80B949D4-431F-4755-903A-75DA86F6F7EB}.Debug|x86.ActiveCfg = Debug|Win32
		{80B949D4-431F-4755-903A-75DA86F6F7EB}.Debug|x86.Build.0 = Debug|Win32
		{80B949D4-431F-4755-903A-75DA86F6F7EB}.Release|x64.ActiveCfg = Release|x64
		{80B949D4-431F-4755-903A-75DA86F6F7EB}.Release|x64.Build.0 = Release|x64
		{80B949D4-431F-4755-903A-75DA86F6F7EB}.Release|x86.ActiveCfg = Release|Win32
		{80B949D4-431F-4755-903A-75DA86F6F7EB}.Release|x86.Build.0 = Release|Win32
		{016FDFAF-05A1-4C4D-9D23-EFF968F75F50}.Debug|x64.ActiveCfg = Debug|x64
		{016FDFAF-05A1-4C4D-9D23-EFF968F75F50}.Debug|x64.Build.0 = Debug|x64
		{016FDFAF-05A1-4C4D-9D23-EFF968F75F50}.Debug|x86.ActiveCfg = Debug|Win32
		{016FDFAF-05A1-4C4D-9D23-EFF968F75F50}.Debug|x86.Build.0 = Debug|Win32
		{016FDFAF-05A1-4C4D-9D23-EFF968F75F50}.Release|x64.ActiveCfg = Release|x64
		{016FDFAF-05A1-4C4D-9D23-EFF968F75F50}.Release|x64.Build.0 = Release|x64
		{016FDFAF-05A1-4C4D-9D23-EFF968F75F50}.Release|x86.ActiveCfg = Release|Win32
		{016FDFAF-05A1-4C4D-9D23-EFF968F75F50}.Release|x86.Build.0 = Release|Win32
		{B9BC2BA6-21FF-4140-8178-7EE680DCCB2D}.Debug|x64.ActiveCfg = Debug|x64
		{B9BC2BA6-21FF-4140-8178-7EE680DCCB2D}.Debug|x64.Build.0 = Debug|x64
		{B9BC2BA6-21FF-4140-8178-7EE680DCCB2D}.Debug|x86.ActiveCfg = Debug|Win32
		{B9BC2BA6-21FF-4140-8178-7EE680DCCB2D}.Debug|x86.Build.0 = Debug|Win32
		{B9BC2BA6-21FF-4140-8178-7EE680DCCB2D}.Release|x64.ActiveCfg = Release|x64
		{B9BC2BA6-21FF-4140-8178-7EE680DCCB2D}.Release|x64.Build.0 = Release|x64
		{B9BC2BA6-21FF-4140-8178-7EE680DCCB2D}.Release|x86.ActiveCfg = Release|Win32
		{B9BC2BA6-21FF-4140-8178-7EE680DCCB2D}.Release|x86.Build.0 = Release|Win32
		{ED52F711-A62E-4C2C-92D7-1C15A1E34296}.Debug|x64.ActiveCfg = Debug|x64
		{ED52F711-A62E-4C2C-92D7-1C15A1E34296}.Debug|x64.Build.0 = Debug|x64
		{ED52F711-A62E-4C2C-92D7-1C15A1E34296}.Debug|x86.ActiveCfg = Debug|Win32
		{ED52F711-A62E-4C2C-92D7-1C15A1E34296}.Debug|x86.Build.0 = Debug|Win32
		{ED52F711-A62E-4C2C-92D7-1C15A1E34296}.Release|x64.ActiveCfg = Release|x64
		{ED52F711-A62E-4C2C-92D7-1C15A1E34296}.Release|x64.Build.0 = Release|x64
		{ED52F711-A62E-4C2C-92D7-1C15A1E34296}.Release|x86.ActiveCfg = Release|Win32
		{ED52F711-A62E-4C2C-92D7-1C15A1E34296}.Release|x86.Build.0 = Release|Win32
		{7D3418D4-1498-470B-A425-0E93A3BD9718}.Debug|x64.ActiveCfg = Debug|x64
		{7D3418D4-1498-470B-A425-0E93A3BD9718}.Debug|x64.Build.0 = Debug|x64
		{7D3418D4-1498-470B-A425-0E93A3BD9718}.Debug|x86.ActiveCfg = Debug|Win32
		{7D3418D4-1498-470B-A425-0E93A3BD9718}.Debug|x86.Build.0 = Debug|Win32
		{7D3418D4-1498-470B-A425-0E93A3BD9718}.Release|x64.ActiveCfg = Release|x64
		{7D3418D4-1498-470B-A425-0E93A3BD9718}.Release|x64.Build.0 = Release|x64
		{7D3418D4-1498-470B-A425-0E93A3BD9718}.Release|x86.ActiveCfg = Release|Win32
		{7D3418D4-1498-470B-A425-0E93A3BD9718}.Release|x86.Build.0 = Release|Win32
		{BB7692AB-686A-46BE-903C-27A8F85F0510}.Debug|x64.ActiveCfg = Debug|x64
		{BB7692AB-686A-46BE-903C-27A8F85F0510}.Debug|x64.Build.0 = Debug|x64
		{BB7692AB-686A-46BE-903C-27A8F85F0510}.Debug|x86.ActiveCfg = Debug|Win32
		{BB7692AB-686A-46BE-903C-27A8F85F0510}.Debug|x86.Build.0 = Debug|Win32
		{BB7692AB-686A-46BE-903C-27A8F85F0510}.Release|x64.ActiveCfg = Release|x64
		{BB7692AB-686A-46BE-903C-27A8F85F0510}.Release|x64.Build.0 = Release|x64
		{BB7692AB-686A-46BE-903C-27A8F85F0510}.Release|x86.ActiveCfg = Release|Win32
		{BB7692AB-686A-46BE-903C-27A8F85F0510}.Release|x86.Build.0 = Release|Win32
		{3F8A5A1D-7241-42C4-A2AE-11BF1DD2B010}.Debug|x64.ActiveCfg = Debug|x64
		{3F8A5A1D-7241-42C4-A2AE-11BF1DD2B010}.Debug|x64.Build.0 = Debug|x64
		{3F8A5A1D-7241-42C4-A2AE-11BF1DD2B010}.Debug|x86.ActiveCfg = Debug|Win32
		{3F8A5A1D-7241-42C4-A2AE-11BF1DD2B010}.Debug|x86.Build.0 = Debug|Win32
		{3F8A5A1D-7241-42C4-A2AE-11BF1DD2B010}.Release|x64.ActiveCfg = Release|x64
		{3F8A5A1D-7241-42C4-A2AE-11BF1DD2B010}.Release|x64.Build.0 = Release|x64
		{3F8A5A1D-7241-42C4-A2AE-11BF1DD2B010}.Release|x86.ActiveCfg = Release|Win32
		{3F8A5A1D-7241-42C4-A2AE-11BF1DD2B010}.Release|x86.Build.0 = Release|Win32
		{8F5A40A9-4BD0-4582-9AAF-E292EB26EAFC}.Debug|x64.ActiveCfg = Debug|x64
		{8F5A40A9-4BD0-4582-9AAF-E292EB26EAFC}.Debug|x64.Build.0 = Debug|x64
		{8F5A40A9-4BD0-4582-9AAF-E292EB26EAFC}.Debug|x86.ActiveCfg = Debug|Win32
		{8F5A40A9-4BD0-4582-9AAF-E292EB26EAFC}.Debug|x86.Build.0 = Debug|Win32
		{8F5A40A9-4BD0-4582-9AAF-E292EB26EAFC}.Release|x64.ActiveCfg = Release|x64
		{8F5A40A9-4BD0-4582-9AAF-E292EB26EAFC}.Release|x64.Build.0 = Release|x64
		{8F5A40A9-4BD0-4582-9AAF-E292EB26EAFC}.Release|x86.ActiveCfg = Release|Win32
		{8F5A40A9-4BD0-4582-9AAF-E292EB26EAFC}.Release|x86.Build.0 = Release|Win32
	EndGlobalSection
	GlobalSection(SolutionProperties) = preSolution
		HideSolutionNode = FALSE
	EndGlobalSection
	GlobalSection(ExtensibilityGlobals) = postSolution
		SolutionGuid = {030B8D17-7BCC-4A7F-964E-99A0DCCF2D7D}
	EndGlobalSection
EndGlobal
